
Microsoft Visual Studio Solution File, Format Version 12.00
# Visual Studio Version 17
VisualStudioVersion = 17.9.34616.47
MinimumVisualStudioVersion = 10.0.40219.1
Project("{9A19103F-16F7-4668-BE54-9A1E7A4F7556}") = "RPSLSApp", "RPSLSApp.csproj", "{7BA9A407-E30C-44F6-9289-41A3F9132801}"
EndProject
Project("{FAE04EC0-301F-11D3-BF4B-00C04F79EFBC}") = "RPSLSAppTest", "..\RPSLSAppTest\RPSLSAppTest.csproj", "{4203BA67-561F-4941-83D3-C3B30CBA628C}"
EndProject
Global
	GlobalSection(SolutionConfigurationPlatforms) = preSolution
		Debug|Any CPU = Debug|Any CPU
		Release|Any CPU = Release|Any CPU
	EndGlobalSection
	GlobalSection(ProjectConfigurationPlatforms) = postSolution
		{7BA9A407-E30C-44F6-9289-41A3F9132801}.Debug|Any CPU.ActiveCfg = Debug|Any CPU
		{7BA9A407-E30C-44F6-9289-41A3F9132801}.Debug|Any CPU.Build.0 = Debug|Any CPU
		{7BA9A407-E30C-44F6-9289-41A3F9132801}.Release|Any CPU.ActiveCfg = Release|Any CPU
		{7BA9A407-E30C-44F6-9289-41A3F9132801}.Release|Any CPU.Build.0 = Release|Any CPU
		{4203BA67-561F-4941-83D3-C3B30CBA628C}.Debug|Any CPU.ActiveCfg = Debug|Any CPU
		{4203BA67-561F-4941-83D3-C3B30CBA628C}.Debug|Any CPU.Build.0 = Debug|Any CPU
		{4203BA67-561F-4941-83D3-C3B30CBA628C}.Release|Any CPU.ActiveCfg = Release|Any CPU
		{4203BA67-561F-4941-83D3-C3B30CBA628C}.Release|Any CPU.Build.0 = Release|Any CPU
	EndGlobalSection
	GlobalSection(SolutionProperties) = preSolution
		HideSolutionNode = FALSE
	EndGlobalSection
	GlobalSection(ExtensibilityGlobals) = postSolution
		SolutionGuid = {3EB3A9DE-B3F7-4C10-A742-D67C39B32F92}
	EndGlobalSection
EndGlobal
